{
  "version": 4,
  "terraform_version": "0.12.26",
  "serial": 73,
  "lineage": "0c1523e5-80ef-bfa0-e1cd-f1f2e68648fe",
  "outputs": {},
  "resources": [
    {
      "module": "module.bastion-instance",
      "mode": "data",
      "type": "aws_network_interface",
      "name": "bastion-nic",
      "provider": "provider.aws",
      "instances": [
        {
          "schema_version": 0,
          "attributes": {
            "association": null,
            "attachment": null,
            "availability_zone": "ap-northeast-2a",
            "description": "NIC eth0 for awx-bastion",
            "filter": [
              {
                "name": "tag:Name",
                "values": [
                  "NIC-eth0-awx-bastion"
                ]
              }
            ],
            "id": "eni-035090aeb4ef8e455",
            "interface_type": "interface",
            "ipv6_addresses": [],
            "mac_address": "02:0e:d1:30:8b:60",
            "outpost_arn": "",
            "owner_id": "374456436099",
            "private_dns_name": "ip-10-0-1-170.ap-northeast-2.compute.internal",
            "private_ip": "10.0.1.170",
            "private_ips": [
              "10.0.1.170"
            ],
            "requester_id": "AIDAVOL2XYWBSMZSMG2GN",
            "security_groups": [
              "sg-0cd0ba3a1a7cc2381"
            ],
            "subnet_id": "subnet-04315989209ba19d3",
            "tags": {
              "Name": "NIC-eth0-awx-bastion"
            },
            "vpc_id": "vpc-0b0b2defe7d7e67e3"
          }
        }
      ]
    },
    {
      "module": "module.bastion-instance",
      "mode": "managed",
      "type": "aws_instance",
      "name": "awx-bastion",
      "provider": "provider.aws",
      "instances": [
        {
          "schema_version": 1,
          "attributes": {
            "ami": "ami-01af223aa7f274198",
            "arn": "arn:aws:ec2:ap-northeast-2:374456436099:instance/i-02ca8532af7fc74a5",
            "associate_public_ip_address": false,
            "availability_zone": "ap-northeast-2a",
            "cpu_core_count": 1,
            "cpu_threads_per_core": 1,
            "credit_specification": [
              {
                "cpu_credits": "standard"
              }
            ],
            "disable_api_termination": false,
            "ebs_block_device": [],
            "ebs_optimized": false,
            "ephemeral_block_device": [],
            "get_password_data": false,
            "hibernation": false,
            "host_id": null,
            "iam_instance_profile": "",
            "id": "i-02ca8532af7fc74a5",
            "instance_initiated_shutdown_behavior": null,
            "instance_state": "running",
            "instance_type": "t2.micro",
            "ipv6_address_count": 0,
            "ipv6_addresses": [],
            "key_name": "Keypair-awx",
            "metadata_options": [
              {
                "http_endpoint": "enabled",
                "http_put_response_hop_limit": 1,
                "http_tokens": "optional"
              }
            ],
            "monitoring": false,
            "network_interface": [
              {
                "delete_on_termination": false,
                "device_index": 0,
                "network_interface_id": "eni-035090aeb4ef8e455"
              }
            ],
            "network_interface_id": null,
            "outpost_arn": "",
            "password_data": "",
            "placement_group": "",
            "primary_network_interface_id": "eni-035090aeb4ef8e455",
            "private_dns": "ip-10-0-1-170.ap-northeast-2.compute.internal",
            "private_ip": "10.0.1.170",
            "public_dns": "",
            "public_ip": "",
            "root_block_device": [
              {
                "delete_on_termination": true,
                "device_name": "/dev/xvda",
                "encrypted": false,
                "iops": 100,
                "kms_key_id": "",
                "volume_id": "vol-04172625763823ab7",
                "volume_size": 8,
                "volume_type": "gp2"
              }
            ],
            "security_groups": [],
            "source_dest_check": true,
            "subnet_id": "subnet-04315989209ba19d3",
            "tags": {
              "Name": "awx-bastion"
            },
            "tenancy": "default",
            "timeouts": null,
            "user_data": null,
            "user_data_base64": null,
            "volume_tags": {},
            "vpc_security_group_ids": [
              "sg-0cd0ba3a1a7cc2381"
            ]
          },
          "private": "eyJlMmJmYjczMC1lY2FhLTExZTYtOGY4OC0zNDM2M2JjN2M0YzAiOnsiY3JlYXRlIjo2MDAwMDAwMDAwMDAsImRlbGV0ZSI6MTIwMDAwMDAwMDAwMCwidXBkYXRlIjo2MDAwMDAwMDAwMDB9LCJzY2hlbWFfdmVyc2lvbiI6IjEifQ=="
        }
      ]
    }
  ]
}
