{
  "version": 4,
  "terraform_version": "0.12.26",
  "serial": 54,
  "lineage": "b4c92256-bdb9-464d-180b-bb2218caf529",
  "outputs": {},
  "resources": [
    {
      "module": "module.LB-TGS",
      "mode": "data",
      "type": "aws_vpc",
      "name": "vpc-id",
      "provider": "provider.aws",
      "instances": [
        {
          "schema_version": 0,
          "attributes": {
            "arn": "arn:aws:ec2:ap-northeast-2:374456436099:vpc/vpc-03cae6b2e269bfdf8",
            "cidr_block": "10.0.0.0/16",
            "cidr_block_associations": [
              {
                "association_id": "vpc-cidr-assoc-0c5ba3a9fd041a332",
                "cidr_block": "10.0.0.0/16",
                "state": "associated"
              }
            ],
            "default": false,
            "dhcp_options_id": "dopt-0970197a7d026ae63",
            "enable_dns_hostnames": true,
            "enable_dns_support": true,
            "filter": [
              {
                "name": "tag:Name",
                "values": [
                  "VPC-awx"
                ]
              }
            ],
            "id": "vpc-03cae6b2e269bfdf8",
            "instance_tenancy": "default",
            "ipv6_association_id": null,
            "ipv6_cidr_block": null,
            "main_route_table_id": "rtb-07eff79cca563f44d",
            "owner_id": "374456436099",
            "state": "available",
            "tags": {
              "Name": "VPC-awx"
            }
          }
        }
      ]
    },
    {
      "module": "module.LB-TGS",
      "mode": "managed",
      "type": "aws_lb_target_group",
      "name": "TGS-awx-WAS",
      "provider": "provider.aws",
      "instances": [
        {
          "schema_version": 0,
          "attributes": {
            "arn": "arn:aws:elasticloadbalancing:ap-northeast-2:374456436099:targetgroup/allnew-LB-TGS-awx-WAS/aae22fbd78dbdfc7",
            "arn_suffix": "targetgroup/allnew-LB-TGS-awx-WAS/aae22fbd78dbdfc7",
            "deregistration_delay": 300,
            "health_check": [
              {
                "enabled": true,
                "healthy_threshold": 5,
                "interval": 30,
                "matcher": "200",
                "path": "/",
                "port": "traffic-port",
                "protocol": "HTTP",
                "timeout": 5,
                "unhealthy_threshold": 2
              }
            ],
            "id": "arn:aws:elasticloadbalancing:ap-northeast-2:374456436099:targetgroup/allnew-LB-TGS-awx-WAS/aae22fbd78dbdfc7",
            "lambda_multi_value_headers_enabled": false,
            "load_balancing_algorithm_type": "round_robin",
            "name": "allnew-LB-TGS-awx-WAS",
            "name_prefix": null,
            "port": 81,
            "protocol": "HTTP",
            "proxy_protocol_v2": false,
            "slow_start": 0,
            "stickiness": [
              {
                "cookie_duration": 86400,
                "enabled": false,
                "type": "lb_cookie"
              }
            ],
            "tags": {
              "Name": "allnew-LB-TGS-awx-WAS"
            },
            "target_type": "instance",
            "vpc_id": "vpc-03cae6b2e269bfdf8"
          }
        }
      ]
    },
    {
      "module": "module.LB-TGS",
      "mode": "managed",
      "type": "aws_lb_target_group",
      "name": "TGS-awx-WEB",
      "provider": "provider.aws",
      "instances": [
        {
          "schema_version": 0,
          "attributes": {
            "arn": "arn:aws:elasticloadbalancing:ap-northeast-2:374456436099:targetgroup/allnew-LB-TGS-awx-WEB/0f2081bcb48d7d84",
            "arn_suffix": "targetgroup/allnew-LB-TGS-awx-WEB/0f2081bcb48d7d84",
            "deregistration_delay": 300,
            "health_check": [
              {
                "enabled": true,
                "healthy_threshold": 5,
                "interval": 30,
                "matcher": "200",
                "path": "/",
                "port": "traffic-port",
                "protocol": "HTTP",
                "timeout": 5,
                "unhealthy_threshold": 2
              }
            ],
            "id": "arn:aws:elasticloadbalancing:ap-northeast-2:374456436099:targetgroup/allnew-LB-TGS-awx-WEB/0f2081bcb48d7d84",
            "lambda_multi_value_headers_enabled": false,
            "load_balancing_algorithm_type": "round_robin",
            "name": "allnew-LB-TGS-awx-WEB",
            "name_prefix": null,
            "port": 80,
            "protocol": "HTTP",
            "proxy_protocol_v2": false,
            "slow_start": 0,
            "stickiness": [
              {
                "cookie_duration": 86400,
                "enabled": false,
                "type": "lb_cookie"
              }
            ],
            "tags": {
              "Name": "allnew-LB-TGS-awx-WEB"
            },
            "target_type": "instance",
            "vpc_id": "vpc-03cae6b2e269bfdf8"
          }
        }
      ]
    }
  ]
}
