{
  "version": 4,
  "terraform_version": "0.12.26",
  "serial": 68,
  "lineage": "b3786b7c-f03a-8638-3d6d-61c03635bdcc",
  "outputs": {},
  "resources": [
    {
      "module": "module.bastion-nic",
      "mode": "data",
      "type": "aws_security_group",
      "name": "ec2-bastion-sg",
      "provider": "provider.aws",
      "instances": [
        {
          "schema_version": 0,
          "attributes": {
            "arn": "arn:aws:ec2:ap-northeast-2:374456436099:security-group/sg-0cd0ba3a1a7cc2381",
            "description": "Bastion security group",
            "filter": [
              {
                "name": "tag:Name",
                "values": [
                  "SG-awx-public-bastion"
                ]
              }
            ],
            "id": "sg-0cd0ba3a1a7cc2381",
            "name": "SG-awx-public-bastion",
            "tags": {
              "Name": "SG-awx-public-bastion"
            },
            "vpc_id": "vpc-0b0b2defe7d7e67e3"
          }
        }
      ]
    },
    {
      "module": "module.bastion-nic",
      "mode": "data",
      "type": "aws_subnet",
      "name": "ec2-bastion-sn",
      "provider": "provider.aws",
      "instances": [
        {
          "schema_version": 0,
          "attributes": {
            "arn": "arn:aws:ec2:ap-northeast-2:374456436099:subnet/subnet-04315989209ba19d3",
            "assign_ipv6_address_on_creation": false,
            "availability_zone": "ap-northeast-2a",
            "availability_zone_id": "apne2-az1",
            "cidr_block": "10.0.1.0/24",
            "default_for_az": false,
            "filter": [
              {
                "name": "tag:Name",
                "values": [
                  "SN-public-2a-NATGW"
                ]
              }
            ],
            "id": "subnet-04315989209ba19d3",
            "ipv6_cidr_block": null,
            "ipv6_cidr_block_association_id": null,
            "map_public_ip_on_launch": false,
            "outpost_arn": "",
            "owner_id": "374456436099",
            "state": "available",
            "tags": {
              "Name": "SN-public-2a-NATGW"
            },
            "vpc_id": "vpc-0b0b2defe7d7e67e3"
          }
        }
      ]
    },
    {
      "module": "module.bastion-nic",
      "mode": "managed",
      "type": "aws_network_interface",
      "name": "nic-eth0-awx-bastion",
      "provider": "provider.aws",
      "instances": [
        {
          "schema_version": 0,
          "attributes": {
            "attachment": [],
            "description": "NIC eth0 for awx-bastion",
            "id": "eni-035090aeb4ef8e455",
            "mac_address": "02:0e:d1:30:8b:60",
            "outpost_arn": "",
            "private_dns_name": "ip-10-0-1-170.ap-northeast-2.compute.internal",
            "private_ip": "10.0.1.170",
            "private_ips": [
              "10.0.1.170"
            ],
            "private_ips_count": 0,
            "security_groups": [
              "sg-0cd0ba3a1a7cc2381"
            ],
            "source_dest_check": true,
            "subnet_id": "subnet-04315989209ba19d3",
            "tags": {
              "Name": "NIC-eth0-awx-bastion"
            }
          },
          "private": "bnVsbA=="
        }
      ]
    }
  ]
}
