{
  "version": 4,
  "terraform_version": "0.12.26",
  "serial": 223,
  "lineage": "46b7e13a-56c4-f635-93b0-5d3c1312c71f",
  "outputs": {},
  "resources": [
    {
      "module": "module.ec2_auto_scaling",
      "mode": "data",
      "type": "aws_launch_configuration",
      "name": "lc-awx-was",
      "provider": "provider.aws",
      "instances": [
        {
          "schema_version": 0,
          "attributes": {
            "arn": "arn:aws:autoscaling:ap-northeast-2:374456436099:launchConfiguration:aebf27aa-0fa9-44a3-ab13-ddc89696623a:launchConfigurationName/lc-awx-was",
            "associate_public_ip_address": false,
            "ebs_block_device": [],
            "ebs_optimized": false,
            "enable_monitoring": true,
            "ephemeral_block_device": [],
            "iam_instance_profile": "",
            "id": "lc-awx-was",
            "image_id": "ami-057f75b7038ea20ec",
            "instance_type": "t2.micro",
            "key_name": "Keypair-awx",
            "name": "lc-awx-was",
            "placement_tenancy": null,
            "root_block_device": [
              {
                "delete_on_termination": true,
                "encrypted": false,
                "iops": 0,
                "volume_size": 30,
                "volume_type": "gp2"
              }
            ],
            "security_groups": [
              "sg-03ce7cea29f4854a4"
            ],
            "spot_price": "",
            "user_data": "",
            "vpc_classic_link_id": "",
            "vpc_classic_link_security_groups": []
          }
        }
      ]
    },
    {
      "module": "module.ec2_auto_scaling",
      "mode": "data",
      "type": "aws_launch_configuration",
      "name": "lc-awx-web",
      "provider": "provider.aws",
      "instances": [
        {
          "schema_version": 0,
          "attributes": {
            "arn": "arn:aws:autoscaling:ap-northeast-2:374456436099:launchConfiguration:158bd5bf-3209-40c8-9a2a-bea900aff36b:launchConfigurationName/lc-awx-web",
            "associate_public_ip_address": false,
            "ebs_block_device": [],
            "ebs_optimized": false,
            "enable_monitoring": true,
            "ephemeral_block_device": [],
            "iam_instance_profile": "",
            "id": "lc-awx-web",
            "image_id": "ami-0dc4a132d452dc5b8",
            "instance_type": "t2.micro",
            "key_name": "Keypair-awx",
            "name": "lc-awx-web",
            "placement_tenancy": null,
            "root_block_device": [
              {
                "delete_on_termination": true,
                "encrypted": false,
                "iops": 0,
                "volume_size": 10,
                "volume_type": "gp2"
              }
            ],
            "security_groups": [
              "sg-0eaeac0be1bf71d1a"
            ],
            "spot_price": "",
            "user_data": "",
            "vpc_classic_link_id": "",
            "vpc_classic_link_security_groups": []
          }
        }
      ]
    },
    {
      "module": "module.ec2_auto_scaling",
      "mode": "data",
      "type": "aws_lb_target_group",
      "name": "lb-tgs-was",
      "provider": "provider.aws",
      "instances": [
        {
          "schema_version": 0,
          "attributes": {
            "arn": "arn:aws:elasticloadbalancing:ap-northeast-2:374456436099:targetgroup/LB-TGS-awx-WAS/2e79ac932af02515",
            "arn_suffix": "targetgroup/LB-TGS-awx-WAS/2e79ac932af02515",
            "deregistration_delay": 300,
            "health_check": [
              {
                "enabled": true,
                "healthy_threshold": 5,
                "interval": 30,
                "matcher": "200",
                "path": "/",
                "port": "traffic-port",
                "protocol": "HTTP",
                "timeout": 5,
                "unhealthy_threshold": 2
              }
            ],
            "id": "arn:aws:elasticloadbalancing:ap-northeast-2:374456436099:targetgroup/LB-TGS-awx-WAS/2e79ac932af02515",
            "lambda_multi_value_headers_enabled": null,
            "load_balancing_algorithm_type": "round_robin",
            "name": "LB-TGS-awx-WAS",
            "port": 81,
            "protocol": "HTTP",
            "proxy_protocol_v2": null,
            "slow_start": 0,
            "stickiness": [
              {
                "cookie_duration": 86400,
                "enabled": false,
                "type": "lb_cookie"
              }
            ],
            "tags": {
              "Name": "LB-TGS-awx-WAS"
            },
            "target_type": "instance",
            "vpc_id": "vpc-0b0b2defe7d7e67e3"
          }
        }
      ]
    },
    {
      "module": "module.ec2_auto_scaling",
      "mode": "data",
      "type": "aws_lb_target_group",
      "name": "lb-tgs-web",
      "provider": "provider.aws",
      "instances": [
        {
          "schema_version": 0,
          "attributes": {
            "arn": "arn:aws:elasticloadbalancing:ap-northeast-2:374456436099:targetgroup/LB-TGS-awx-WEB/61c8e287eec5a33d",
            "arn_suffix": "targetgroup/LB-TGS-awx-WEB/61c8e287eec5a33d",
            "deregistration_delay": 300,
            "health_check": [
              {
                "enabled": true,
                "healthy_threshold": 5,
                "interval": 30,
                "matcher": "200",
                "path": "/",
                "port": "traffic-port",
                "protocol": "HTTP",
                "timeout": 5,
                "unhealthy_threshold": 2
              }
            ],
            "id": "arn:aws:elasticloadbalancing:ap-northeast-2:374456436099:targetgroup/LB-TGS-awx-WEB/61c8e287eec5a33d",
            "lambda_multi_value_headers_enabled": null,
            "load_balancing_algorithm_type": "round_robin",
            "name": "LB-TGS-awx-WEB",
            "port": 80,
            "protocol": "HTTP",
            "proxy_protocol_v2": null,
            "slow_start": 0,
            "stickiness": [
              {
                "cookie_duration": 86400,
                "enabled": false,
                "type": "lb_cookie"
              }
            ],
            "tags": {
              "Name": "LB-TGS-awx-WEB"
            },
            "target_type": "instance",
            "vpc_id": "vpc-0b0b2defe7d7e67e3"
          }
        }
      ]
    },
    {
      "module": "module.ec2_auto_scaling",
      "mode": "data",
      "type": "aws_subnet",
      "name": "pri-2a-was",
      "provider": "provider.aws",
      "instances": [
        {
          "schema_version": 0,
          "attributes": {
            "arn": "arn:aws:ec2:ap-northeast-2:374456436099:subnet/subnet-09935062208e9b355",
            "assign_ipv6_address_on_creation": false,
            "availability_zone": "ap-northeast-2a",
            "availability_zone_id": "apne2-az1",
            "cidr_block": "10.0.9.0/24",
            "default_for_az": false,
            "filter": [
              {
                "name": "tag:Name",
                "values": [
                  "SN-private-2a-WAS"
                ]
              }
            ],
            "id": "subnet-09935062208e9b355",
            "ipv6_cidr_block": null,
            "ipv6_cidr_block_association_id": null,
            "map_public_ip_on_launch": false,
            "outpost_arn": "",
            "owner_id": "374456436099",
            "state": "available",
            "tags": {
              "Name": "SN-private-2a-WAS"
            },
            "vpc_id": "vpc-0b0b2defe7d7e67e3"
          }
        }
      ]
    },
    {
      "module": "module.ec2_auto_scaling",
      "mode": "data",
      "type": "aws_subnet",
      "name": "pri-2a-web",
      "provider": "provider.aws",
      "instances": [
        {
          "schema_version": 0,
          "attributes": {
            "arn": "arn:aws:ec2:ap-northeast-2:374456436099:subnet/subnet-01d7c48fcd7c091b7",
            "assign_ipv6_address_on_creation": false,
            "availability_zone": "ap-northeast-2a",
            "availability_zone_id": "apne2-az1",
            "cidr_block": "10.0.5.0/24",
            "default_for_az": false,
            "filter": [
              {
                "name": "tag:Name",
                "values": [
                  "SN-private-2a-WEB"
                ]
              }
            ],
            "id": "subnet-01d7c48fcd7c091b7",
            "ipv6_cidr_block": null,
            "ipv6_cidr_block_association_id": null,
            "map_public_ip_on_launch": false,
            "outpost_arn": "",
            "owner_id": "374456436099",
            "state": "available",
            "tags": {
              "Name": "SN-private-2a-WEB"
            },
            "vpc_id": "vpc-0b0b2defe7d7e67e3"
          }
        }
      ]
    },
    {
      "module": "module.ec2_auto_scaling",
      "mode": "data",
      "type": "aws_subnet",
      "name": "pri-2c-was",
      "provider": "provider.aws",
      "instances": [
        {
          "schema_version": 0,
          "attributes": {
            "arn": "arn:aws:ec2:ap-northeast-2:374456436099:subnet/subnet-03d0b6da3ff66404a",
            "assign_ipv6_address_on_creation": false,
            "availability_zone": "ap-northeast-2c",
            "availability_zone_id": "apne2-az3",
            "cidr_block": "10.0.10.0/24",
            "default_for_az": false,
            "filter": [
              {
                "name": "tag:Name",
                "values": [
                  "SN-private-2c-WAS"
                ]
              }
            ],
            "id": "subnet-03d0b6da3ff66404a",
            "ipv6_cidr_block": null,
            "ipv6_cidr_block_association_id": null,
            "map_public_ip_on_launch": false,
            "outpost_arn": "",
            "owner_id": "374456436099",
            "state": "available",
            "tags": {
              "Name": "SN-private-2c-WAS"
            },
            "vpc_id": "vpc-0b0b2defe7d7e67e3"
          }
        }
      ]
    },
    {
      "module": "module.ec2_auto_scaling",
      "mode": "data",
      "type": "aws_subnet",
      "name": "pri-2c-web",
      "provider": "provider.aws",
      "instances": [
        {
          "schema_version": 0,
          "attributes": {
            "arn": "arn:aws:ec2:ap-northeast-2:374456436099:subnet/subnet-047e84b20d0e26090",
            "assign_ipv6_address_on_creation": false,
            "availability_zone": "ap-northeast-2c",
            "availability_zone_id": "apne2-az3",
            "cidr_block": "10.0.6.0/24",
            "default_for_az": false,
            "filter": [
              {
                "name": "tag:Name",
                "values": [
                  "SN-private-2c-WEB"
                ]
              }
            ],
            "id": "subnet-047e84b20d0e26090",
            "ipv6_cidr_block": null,
            "ipv6_cidr_block_association_id": null,
            "map_public_ip_on_launch": false,
            "outpost_arn": "",
            "owner_id": "374456436099",
            "state": "available",
            "tags": {
              "Name": "SN-private-2c-WEB"
            },
            "vpc_id": "vpc-0b0b2defe7d7e67e3"
          }
        }
      ]
    },
    {
      "module": "module.ec2_auto_scaling",
      "mode": "managed",
      "type": "aws_autoscaling_group",
      "name": "asg-awx-was",
      "provider": "provider.aws",
      "instances": [
        {
          "schema_version": 0,
          "attributes": {
            "arn": "arn:aws:autoscaling:ap-northeast-2:374456436099:autoScalingGroup:7ac9702a-2ab3-4509-a7af-30c2dd2b7992:autoScalingGroupName/ASG-awx-WAS",
            "availability_zones": [
              "ap-northeast-2a",
              "ap-northeast-2c"
            ],
            "default_cooldown": 300,
            "desired_capacity": 2,
            "enabled_metrics": null,
            "force_delete": false,
            "health_check_grace_period": 300,
            "health_check_type": "EC2",
            "id": "ASG-awx-WAS",
            "initial_lifecycle_hook": [],
            "launch_configuration": "lc-awx-was",
            "launch_template": [],
            "load_balancers": [],
            "max_instance_lifetime": 0,
            "max_size": 4,
            "metrics_granularity": "1Minute",
            "min_elb_capacity": null,
            "min_size": 2,
            "mixed_instances_policy": [],
            "name": "ASG-awx-WAS",
            "name_prefix": null,
            "placement_group": "",
            "protect_from_scale_in": false,
            "service_linked_role_arn": "arn:aws:iam::374456436099:role/aws-service-role/autoscaling.amazonaws.com/AWSServiceRoleForAutoScaling",
            "suspended_processes": null,
            "tag": [
              {
                "key": "Name",
                "propagate_at_launch": false,
                "value": "Off-ASG-aws-WASSRV"
              },
              {
                "key": "Name",
                "propagate_at_launch": true,
                "value": "ASG-aws-WASSRV"
              }
            ],
            "tags": null,
            "target_group_arns": [
              "arn:aws:elasticloadbalancing:ap-northeast-2:374456436099:targetgroup/LB-TGS-awx-WAS/2e79ac932af02515"
            ],
            "termination_policies": null,
            "timeouts": {
              "delete": "15m"
            },
            "vpc_zone_identifier": [
              "subnet-03d0b6da3ff66404a",
              "subnet-09935062208e9b355"
            ],
            "wait_for_capacity_timeout": "10m",
            "wait_for_elb_capacity": null
          },
          "private": "eyJlMmJmYjczMC1lY2FhLTExZTYtOGY4OC0zNDM2M2JjN2M0YzAiOnsiZGVsZXRlIjo5MDAwMDAwMDAwMDB9fQ=="
        }
      ]
    },
    {
      "module": "module.ec2_auto_scaling",
      "mode": "managed",
      "type": "aws_autoscaling_group",
      "name": "asg-awx-web",
      "provider": "provider.aws",
      "instances": [
        {
          "schema_version": 0,
          "attributes": {
            "arn": "arn:aws:autoscaling:ap-northeast-2:374456436099:autoScalingGroup:43d374e7-dd6d-46e4-9c17-77eef4aa7710:autoScalingGroupName/ASG-awx-WEB",
            "availability_zones": [
              "ap-northeast-2a",
              "ap-northeast-2c"
            ],
            "default_cooldown": 300,
            "desired_capacity": 2,
            "enabled_metrics": null,
            "force_delete": false,
            "health_check_grace_period": 300,
            "health_check_type": "EC2",
            "id": "ASG-awx-WEB",
            "initial_lifecycle_hook": [],
            "launch_configuration": "lc-awx-web",
            "launch_template": [],
            "load_balancers": [],
            "max_instance_lifetime": 0,
            "max_size": 4,
            "metrics_granularity": "1Minute",
            "min_elb_capacity": null,
            "min_size": 2,
            "mixed_instances_policy": [],
            "name": "ASG-awx-WEB",
            "name_prefix": null,
            "placement_group": "",
            "protect_from_scale_in": false,
            "service_linked_role_arn": "arn:aws:iam::374456436099:role/aws-service-role/autoscaling.amazonaws.com/AWSServiceRoleForAutoScaling",
            "suspended_processes": null,
            "tag": [
              {
                "key": "Name",
                "propagate_at_launch": false,
                "value": "Off-ASG-aws-WebSRV"
              },
              {
                "key": "Name",
                "propagate_at_launch": true,
                "value": "ASG-aws-WebSRV"
              }
            ],
            "tags": null,
            "target_group_arns": [
              "arn:aws:elasticloadbalancing:ap-northeast-2:374456436099:targetgroup/LB-TGS-awx-WEB/61c8e287eec5a33d"
            ],
            "termination_policies": null,
            "timeouts": {
              "delete": "15m"
            },
            "vpc_zone_identifier": [
              "subnet-01d7c48fcd7c091b7",
              "subnet-047e84b20d0e26090"
            ],
            "wait_for_capacity_timeout": "10m",
            "wait_for_elb_capacity": null
          },
          "private": "eyJlMmJmYjczMC1lY2FhLTExZTYtOGY4OC0zNDM2M2JjN2M0YzAiOnsiZGVsZXRlIjo5MDAwMDAwMDAwMDB9fQ=="
        }
      ]
    }
  ]
}
