{
  "version": 4,
  "terraform_version": "0.12.26",
  "serial": 87,
  "lineage": "9f35263f-d112-ff0c-113c-8d7730ba4a06",
  "outputs": {},
  "resources": [
    {
      "module": "module.ec2_auto_scaling",
      "mode": "data",
      "type": "aws_launch_configuration",
      "name": "lc-awx-was",
      "provider": "provider.aws",
      "instances": [
        {
          "schema_version": 0,
          "attributes": {
            "arn": "arn:aws:autoscaling:ap-northeast-2:374456436099:launchConfiguration:7d3ff669-fdaa-4125-87fe-dde9d24c9746:launchConfigurationName/allnew-lc-awx-was",
            "associate_public_ip_address": false,
            "ebs_block_device": [],
            "ebs_optimized": false,
            "enable_monitoring": true,
            "ephemeral_block_device": [],
            "iam_instance_profile": "",
            "id": "allnew-lc-awx-was",
            "image_id": "ami-0f0663e8bd1f26e50",
            "instance_type": "m5.large",
            "key_name": "Keypair-awx",
            "name": "allnew-lc-awx-was",
            "placement_tenancy": null,
            "root_block_device": [
              {
                "delete_on_termination": true,
                "encrypted": false,
                "iops": 0,
                "volume_size": 30,
                "volume_type": "gp2"
              }
            ],
            "security_groups": [
              "sg-0e54138f61531c8f1"
            ],
            "spot_price": "",
            "user_data": "",
            "vpc_classic_link_id": "",
            "vpc_classic_link_security_groups": []
          }
        }
      ]
    },
    {
      "module": "module.ec2_auto_scaling",
      "mode": "data",
      "type": "aws_launch_configuration",
      "name": "lc-awx-web",
      "provider": "provider.aws",
      "instances": [
        {
          "schema_version": 0,
          "attributes": {
            "arn": "arn:aws:autoscaling:ap-northeast-2:374456436099:launchConfiguration:bbcdb4ae-2b14-45e9-8f2d-ad26661416b4:launchConfigurationName/allnew-lc-awx-web",
            "associate_public_ip_address": false,
            "ebs_block_device": [],
            "ebs_optimized": false,
            "enable_monitoring": true,
            "ephemeral_block_device": [],
            "iam_instance_profile": "",
            "id": "allnew-lc-awx-web",
            "image_id": "ami-05b8603f436210a86",
            "instance_type": "t2.micro",
            "key_name": "Keypair-awx",
            "name": "allnew-lc-awx-web",
            "placement_tenancy": null,
            "root_block_device": [
              {
                "delete_on_termination": true,
                "encrypted": false,
                "iops": 0,
                "volume_size": 10,
                "volume_type": "gp2"
              }
            ],
            "security_groups": [
              "sg-027c75048d8db1c19"
            ],
            "spot_price": "",
            "user_data": "",
            "vpc_classic_link_id": "",
            "vpc_classic_link_security_groups": []
          }
        }
      ]
    },
    {
      "module": "module.ec2_auto_scaling",
      "mode": "data",
      "type": "aws_lb_target_group",
      "name": "lb-tgs-was",
      "provider": "provider.aws",
      "instances": [
        {
          "schema_version": 0,
          "attributes": {
            "arn": "arn:aws:elasticloadbalancing:ap-northeast-2:374456436099:targetgroup/allnew-LB-TGS-awx-WAS/aae22fbd78dbdfc7",
            "arn_suffix": "targetgroup/allnew-LB-TGS-awx-WAS/aae22fbd78dbdfc7",
            "deregistration_delay": 300,
            "health_check": [
              {
                "enabled": true,
                "healthy_threshold": 5,
                "interval": 30,
                "matcher": "200",
                "path": "/",
                "port": "traffic-port",
                "protocol": "HTTP",
                "timeout": 5,
                "unhealthy_threshold": 2
              }
            ],
            "id": "arn:aws:elasticloadbalancing:ap-northeast-2:374456436099:targetgroup/allnew-LB-TGS-awx-WAS/aae22fbd78dbdfc7",
            "lambda_multi_value_headers_enabled": null,
            "load_balancing_algorithm_type": "round_robin",
            "name": "allnew-LB-TGS-awx-WAS",
            "port": 81,
            "protocol": "HTTP",
            "proxy_protocol_v2": null,
            "slow_start": 0,
            "stickiness": [
              {
                "cookie_duration": 86400,
                "enabled": false,
                "type": "lb_cookie"
              }
            ],
            "tags": {
              "Name": "allnew-LB-TGS-awx-WAS"
            },
            "target_type": "instance",
            "vpc_id": "vpc-03cae6b2e269bfdf8"
          }
        }
      ]
    },
    {
      "module": "module.ec2_auto_scaling",
      "mode": "data",
      "type": "aws_lb_target_group",
      "name": "lb-tgs-web",
      "provider": "provider.aws",
      "instances": [
        {
          "schema_version": 0,
          "attributes": {
            "arn": "arn:aws:elasticloadbalancing:ap-northeast-2:374456436099:targetgroup/allnew-LB-TGS-awx-WEB/0f2081bcb48d7d84",
            "arn_suffix": "targetgroup/allnew-LB-TGS-awx-WEB/0f2081bcb48d7d84",
            "deregistration_delay": 300,
            "health_check": [
              {
                "enabled": true,
                "healthy_threshold": 5,
                "interval": 30,
                "matcher": "200",
                "path": "/",
                "port": "traffic-port",
                "protocol": "HTTP",
                "timeout": 5,
                "unhealthy_threshold": 2
              }
            ],
            "id": "arn:aws:elasticloadbalancing:ap-northeast-2:374456436099:targetgroup/allnew-LB-TGS-awx-WEB/0f2081bcb48d7d84",
            "lambda_multi_value_headers_enabled": null,
            "load_balancing_algorithm_type": "round_robin",
            "name": "allnew-LB-TGS-awx-WEB",
            "port": 80,
            "protocol": "HTTP",
            "proxy_protocol_v2": null,
            "slow_start": 0,
            "stickiness": [
              {
                "cookie_duration": 86400,
                "enabled": false,
                "type": "lb_cookie"
              }
            ],
            "tags": {
              "Name": "allnew-LB-TGS-awx-WEB"
            },
            "target_type": "instance",
            "vpc_id": "vpc-03cae6b2e269bfdf8"
          }
        }
      ]
    },
    {
      "module": "module.ec2_auto_scaling",
      "mode": "data",
      "type": "aws_subnet",
      "name": "pri-2a-was",
      "provider": "provider.aws",
      "instances": [
        {
          "schema_version": 0,
          "attributes": {
            "arn": "arn:aws:ec2:ap-northeast-2:374456436099:subnet/subnet-0d109554bed43af74",
            "assign_ipv6_address_on_creation": false,
            "availability_zone": "ap-northeast-2a",
            "availability_zone_id": "apne2-az1",
            "cidr_block": "10.0.9.0/24",
            "default_for_az": false,
            "filter": [
              {
                "name": "tag:Name",
                "values": [
                  "SN-private-2a-WAS"
                ]
              }
            ],
            "id": "subnet-0d109554bed43af74",
            "ipv6_cidr_block": null,
            "ipv6_cidr_block_association_id": null,
            "map_public_ip_on_launch": false,
            "outpost_arn": "",
            "owner_id": "374456436099",
            "state": "available",
            "tags": {
              "Name": "SN-private-2a-WAS"
            },
            "vpc_id": "vpc-03cae6b2e269bfdf8"
          }
        }
      ]
    },
    {
      "module": "module.ec2_auto_scaling",
      "mode": "data",
      "type": "aws_subnet",
      "name": "pri-2a-web",
      "provider": "provider.aws",
      "instances": [
        {
          "schema_version": 0,
          "attributes": {
            "arn": "arn:aws:ec2:ap-northeast-2:374456436099:subnet/subnet-06c4ed451e1138402",
            "assign_ipv6_address_on_creation": false,
            "availability_zone": "ap-northeast-2a",
            "availability_zone_id": "apne2-az1",
            "cidr_block": "10.0.5.0/24",
            "default_for_az": false,
            "filter": [
              {
                "name": "tag:Name",
                "values": [
                  "SN-private-2a-WEB"
                ]
              }
            ],
            "id": "subnet-06c4ed451e1138402",
            "ipv6_cidr_block": null,
            "ipv6_cidr_block_association_id": null,
            "map_public_ip_on_launch": false,
            "outpost_arn": "",
            "owner_id": "374456436099",
            "state": "available",
            "tags": {
              "Name": "SN-private-2a-WEB"
            },
            "vpc_id": "vpc-03cae6b2e269bfdf8"
          }
        }
      ]
    },
    {
      "module": "module.ec2_auto_scaling",
      "mode": "data",
      "type": "aws_subnet",
      "name": "pri-2c-was",
      "provider": "provider.aws",
      "instances": [
        {
          "schema_version": 0,
          "attributes": {
            "arn": "arn:aws:ec2:ap-northeast-2:374456436099:subnet/subnet-05e39fea2984a149d",
            "assign_ipv6_address_on_creation": false,
            "availability_zone": "ap-northeast-2c",
            "availability_zone_id": "apne2-az3",
            "cidr_block": "10.0.10.0/24",
            "default_for_az": false,
            "filter": [
              {
                "name": "tag:Name",
                "values": [
                  "SN-private-2c-WAS"
                ]
              }
            ],
            "id": "subnet-05e39fea2984a149d",
            "ipv6_cidr_block": null,
            "ipv6_cidr_block_association_id": null,
            "map_public_ip_on_launch": false,
            "outpost_arn": "",
            "owner_id": "374456436099",
            "state": "available",
            "tags": {
              "Name": "SN-private-2c-WAS"
            },
            "vpc_id": "vpc-03cae6b2e269bfdf8"
          }
        }
      ]
    },
    {
      "module": "module.ec2_auto_scaling",
      "mode": "data",
      "type": "aws_subnet",
      "name": "pri-2c-web",
      "provider": "provider.aws",
      "instances": [
        {
          "schema_version": 0,
          "attributes": {
            "arn": "arn:aws:ec2:ap-northeast-2:374456436099:subnet/subnet-0ac9e162cae4a9eb5",
            "assign_ipv6_address_on_creation": false,
            "availability_zone": "ap-northeast-2c",
            "availability_zone_id": "apne2-az3",
            "cidr_block": "10.0.6.0/24",
            "default_for_az": false,
            "filter": [
              {
                "name": "tag:Name",
                "values": [
                  "SN-private-2c-WEB"
                ]
              }
            ],
            "id": "subnet-0ac9e162cae4a9eb5",
            "ipv6_cidr_block": null,
            "ipv6_cidr_block_association_id": null,
            "map_public_ip_on_launch": false,
            "outpost_arn": "",
            "owner_id": "374456436099",
            "state": "available",
            "tags": {
              "Name": "SN-private-2c-WEB"
            },
            "vpc_id": "vpc-03cae6b2e269bfdf8"
          }
        }
      ]
    },
    {
      "module": "module.ec2_auto_scaling",
      "mode": "managed",
      "type": "aws_autoscaling_group",
      "name": "asg-awx-was",
      "provider": "provider.aws",
      "instances": [
        {
          "schema_version": 0,
          "attributes": {
            "arn": "arn:aws:autoscaling:ap-northeast-2:374456436099:autoScalingGroup:b78e59a7-23c9-4256-8b41-873ec7ace33d:autoScalingGroupName/allnew-ASG-awx-WAS",
            "availability_zones": [
              "ap-northeast-2a",
              "ap-northeast-2c"
            ],
            "default_cooldown": 300,
            "desired_capacity": 2,
            "enabled_metrics": null,
            "force_delete": false,
            "health_check_grace_period": 300,
            "health_check_type": "EC2",
            "id": "allnew-ASG-awx-WAS",
            "initial_lifecycle_hook": [],
            "launch_configuration": "allnew-lc-awx-was",
            "launch_template": [],
            "load_balancers": [],
            "max_instance_lifetime": 0,
            "max_size": 12,
            "metrics_granularity": "1Minute",
            "min_elb_capacity": null,
            "min_size": 2,
            "mixed_instances_policy": [],
            "name": "allnew-ASG-awx-WAS",
            "name_prefix": null,
            "placement_group": "",
            "protect_from_scale_in": false,
            "service_linked_role_arn": "arn:aws:iam::374456436099:role/aws-service-role/autoscaling.amazonaws.com/AWSServiceRoleForAutoScaling",
            "suspended_processes": null,
            "tag": [
              {
                "key": "Name",
                "propagate_at_launch": false,
                "value": "Off-ASG-aws-WASSRV"
              },
              {
                "key": "Name",
                "propagate_at_launch": true,
                "value": "ASG-aws-WASSRV"
              }
            ],
            "tags": null,
            "target_group_arns": [
              "arn:aws:elasticloadbalancing:ap-northeast-2:374456436099:targetgroup/allnew-LB-TGS-awx-WAS/aae22fbd78dbdfc7"
            ],
            "termination_policies": null,
            "timeouts": {
              "delete": "15m"
            },
            "vpc_zone_identifier": [
              "subnet-05e39fea2984a149d",
              "subnet-0d109554bed43af74"
            ],
            "wait_for_capacity_timeout": "10m",
            "wait_for_elb_capacity": null
          },
          "private": "eyJlMmJmYjczMC1lY2FhLTExZTYtOGY4OC0zNDM2M2JjN2M0YzAiOnsiZGVsZXRlIjo5MDAwMDAwMDAwMDB9fQ=="
        }
      ]
    },
    {
      "module": "module.ec2_auto_scaling",
      "mode": "managed",
      "type": "aws_autoscaling_group",
      "name": "asg-awx-web",
      "provider": "provider.aws",
      "instances": [
        {
          "schema_version": 0,
          "attributes": {
            "arn": "arn:aws:autoscaling:ap-northeast-2:374456436099:autoScalingGroup:77990dae-bf37-4fbf-98d9-55fea20a64ea:autoScalingGroupName/allnew-ASG-awx-WEB",
            "availability_zones": [
              "ap-northeast-2a",
              "ap-northeast-2c"
            ],
            "default_cooldown": 300,
            "desired_capacity": 2,
            "enabled_metrics": null,
            "force_delete": false,
            "health_check_grace_period": 300,
            "health_check_type": "EC2",
            "id": "allnew-ASG-awx-WEB",
            "initial_lifecycle_hook": [],
            "launch_configuration": "allnew-lc-awx-web",
            "launch_template": [],
            "load_balancers": [],
            "max_instance_lifetime": 0,
            "max_size": 8,
            "metrics_granularity": "1Minute",
            "min_elb_capacity": null,
            "min_size": 2,
            "mixed_instances_policy": [],
            "name": "allnew-ASG-awx-WEB",
            "name_prefix": null,
            "placement_group": "",
            "protect_from_scale_in": false,
            "service_linked_role_arn": "arn:aws:iam::374456436099:role/aws-service-role/autoscaling.amazonaws.com/AWSServiceRoleForAutoScaling",
            "suspended_processes": null,
            "tag": [
              {
                "key": "Name",
                "propagate_at_launch": false,
                "value": "Off-ASG-aws-WebSRV"
              },
              {
                "key": "Name",
                "propagate_at_launch": true,
                "value": "ASG-aws-WebSRV"
              }
            ],
            "tags": null,
            "target_group_arns": [
              "arn:aws:elasticloadbalancing:ap-northeast-2:374456436099:targetgroup/allnew-LB-TGS-awx-WEB/0f2081bcb48d7d84"
            ],
            "termination_policies": null,
            "timeouts": {
              "delete": "15m"
            },
            "vpc_zone_identifier": [
              "subnet-06c4ed451e1138402",
              "subnet-0ac9e162cae4a9eb5"
            ],
            "wait_for_capacity_timeout": "10m",
            "wait_for_elb_capacity": null
          },
          "private": "eyJlMmJmYjczMC1lY2FhLTExZTYtOGY4OC0zNDM2M2JjN2M0YzAiOnsiZGVsZXRlIjo5MDAwMDAwMDAwMDB9fQ=="
        }
      ]
    }
  ]
}
