{
  "version": 4,
  "terraform_version": "0.12.26",
  "serial": 101,
  "lineage": "8298f054-643a-ba19-3811-145f444b5edf",
  "outputs": {},
  "resources": [
    {
      "module": "module.route53",
      "mode": "data",
      "type": "aws_vpc",
      "name": "vpc-id",
      "provider": "provider.aws",
      "instances": [
        {
          "schema_version": 0,
          "attributes": {
            "arn": "arn:aws:ec2:ap-northeast-2:374456436099:vpc/vpc-0b0b2defe7d7e67e3",
            "cidr_block": "10.0.0.0/16",
            "cidr_block_associations": [
              {
                "association_id": "vpc-cidr-assoc-0dc538ac1fe438220",
                "cidr_block": "10.0.0.0/16",
                "state": "associated"
              }
            ],
            "default": false,
            "dhcp_options_id": "dopt-0970197a7d026ae63",
            "enable_dns_hostnames": true,
            "enable_dns_support": true,
            "filter": [
              {
                "name": "tag:Name",
                "values": [
                  "VPC-awx"
                ]
              }
            ],
            "id": "vpc-0b0b2defe7d7e67e3",
            "instance_tenancy": "default",
            "ipv6_association_id": null,
            "ipv6_cidr_block": null,
            "main_route_table_id": "rtb-06d6c46c12e91cdbc",
            "owner_id": "374456436099",
            "state": "available",
            "tags": {
              "Name": "VPC-awx"
            }
          }
        }
      ]
    },
    {
      "module": "module.route53",
      "mode": "managed",
      "type": "aws_route53_zone",
      "name": "r53-awx-dev",
      "provider": "provider.aws",
      "instances": [
        {
          "schema_version": 0,
          "attributes": {
            "comment": "awx.co.kr E-commerce shop",
            "delegation_set_id": "",
            "force_destroy": true,
            "id": "Z00511522WJMGS0MSNP81",
            "name": "awx.co.kr.",
            "name_servers": [
              "ns-1493.awsdns-58.org",
              "ns-1721.awsdns-23.co.uk",
              "ns-440.awsdns-55.com",
              "ns-851.awsdns-42.net"
            ],
            "tags": {
              "Name": "awx.co.kr"
            },
            "vpc": [],
            "vpc_id": null,
            "vpc_region": null,
            "zone_id": "Z00511522WJMGS0MSNP81"
          },
          "private": "bnVsbA=="
        }
      ]
    },
    {
      "module": "module.route53",
      "mode": "managed",
      "type": "aws_route53_zone",
      "name": "r53-private-awx",
      "provider": "provider.aws",
      "instances": [
        {
          "schema_version": 0,
          "attributes": {
            "comment": "VPC Private DNS for awx.internal",
            "delegation_set_id": "",
            "force_destroy": true,
            "id": "Z01388792R7YCDMLKC804",
            "name": "awx.internal.",
            "name_servers": [
              "ns-0.awsdns-00.com.",
              "ns-1024.awsdns-00.org.",
              "ns-1536.awsdns-00.co.uk.",
              "ns-512.awsdns-00.net."
            ],
            "tags": {
              "Name": "awx.internal"
            },
            "vpc": [
              {
                "vpc_id": "vpc-0b0b2defe7d7e67e3",
                "vpc_region": "ap-northeast-2"
              }
            ],
            "vpc_id": null,
            "vpc_region": null,
            "zone_id": "Z01388792R7YCDMLKC804"
          },
          "private": "bnVsbA=="
        }
      ]
    }
  ]
}
