{
  "version": 4,
  "terraform_version": "0.12.26",
  "serial": 38,
  "lineage": "ad91899b-de75-4b58-839d-f33313905b88",
  "outputs": {},
  "resources": [
    {
      "module": "module.launch_configuration",
      "mode": "data",
      "type": "aws_ami",
      "name": "ami-awx-was",
      "provider": "provider.aws",
      "instances": [
        {
          "schema_version": 0,
          "attributes": {
            "architecture": "x86_64",
            "block_device_mappings": [
              {
                "device_name": "/dev/xvda",
                "ebs": {
                  "delete_on_termination": "true",
                  "encrypted": "false",
                  "iops": "0",
                  "snapshot_id": "snap-05f1389edbb9597dd",
                  "volume_size": "8",
                  "volume_type": "gp2"
                },
                "no_device": "",
                "virtual_name": ""
              }
            ],
            "creation_date": "2020-06-05T04:27:43.000Z",
            "description": "WAS Server on Amazon Linux 2 (x86_64)",
            "executable_users": null,
            "filter": [
              {
                "name": "tag:Name",
                "values": [
                  "AMI-EC2-WAS_2020-06-05_0424"
                ]
              }
            ],
            "hypervisor": "xen",
            "id": "ami-057f75b7038ea20ec",
            "image_id": "ami-057f75b7038ea20ec",
            "image_location": "374456436099/AMI-EC2-WAS_2020-06-05_0424",
            "image_owner_alias": null,
            "image_type": "machine",
            "kernel_id": null,
            "most_recent": true,
            "name": "AMI-EC2-WAS_2020-06-05_0424",
            "name_regex": null,
            "owner_id": "374456436099",
            "owners": [
              "374456436099"
            ],
            "platform": null,
            "product_codes": [],
            "public": false,
            "ramdisk_id": null,
            "root_device_name": "/dev/xvda",
            "root_device_type": "ebs",
            "root_snapshot_id": "snap-05f1389edbb9597dd",
            "sriov_net_support": "simple",
            "state": "available",
            "state_reason": {
              "code": "UNSET",
              "message": "UNSET"
            },
            "tags": {
              "BaseAMI_Id": "ami-01af223aa7f274198",
              "BaseAMI_Name": "amzn2-ami-hvm-2.0.20200520.1-x86_64-gp2",
              "Name": "AMI-EC2-WAS_2020-06-05_0424",
              "TYPE": "EC2.ami"
            },
            "virtualization_type": "hvm"
          }
        }
      ]
    },
    {
      "module": "module.launch_configuration",
      "mode": "data",
      "type": "aws_ami",
      "name": "ami-awx-web",
      "provider": "provider.aws",
      "instances": [
        {
          "schema_version": 0,
          "attributes": {
            "architecture": "x86_64",
            "block_device_mappings": [
              {
                "device_name": "/dev/xvda",
                "ebs": {
                  "delete_on_termination": "true",
                  "encrypted": "false",
                  "iops": "0",
                  "snapshot_id": "snap-059d11b46a80e97a3",
                  "volume_size": "8",
                  "volume_type": "gp2"
                },
                "no_device": "",
                "virtual_name": ""
              }
            ],
            "creation_date": "2020-06-05T04:22:53.000Z",
            "description": "WEB Server on Amazon Linux 2 (x86_64)",
            "executable_users": null,
            "filter": [
              {
                "name": "tag:Name",
                "values": [
                  "AMI-EC2-WEB_2020-06-05_0419"
                ]
              }
            ],
            "hypervisor": "xen",
            "id": "ami-0dc4a132d452dc5b8",
            "image_id": "ami-0dc4a132d452dc5b8",
            "image_location": "374456436099/AMI-EC2-WEB_2020-06-05_0419",
            "image_owner_alias": null,
            "image_type": "machine",
            "kernel_id": null,
            "most_recent": true,
            "name": "AMI-EC2-WEB_2020-06-05_0419",
            "name_regex": null,
            "owner_id": "374456436099",
            "owners": [
              "374456436099"
            ],
            "platform": null,
            "product_codes": [],
            "public": false,
            "ramdisk_id": null,
            "root_device_name": "/dev/xvda",
            "root_device_type": "ebs",
            "root_snapshot_id": "snap-059d11b46a80e97a3",
            "sriov_net_support": "simple",
            "state": "available",
            "state_reason": {
              "code": "UNSET",
              "message": "UNSET"
            },
            "tags": {
              "BaseAMI_Id": "ami-01af223aa7f274198",
              "BaseAMI_Name": "amzn2-ami-hvm-2.0.20200520.1-x86_64-gp2",
              "Name": "AMI-EC2-WEB_2020-06-05_0419",
              "TYPE": "EC2.ami"
            },
            "virtualization_type": "hvm"
          }
        }
      ]
    },
    {
      "module": "module.launch_configuration",
      "mode": "data",
      "type": "aws_security_group",
      "name": "sg-awx-private-was",
      "provider": "provider.aws",
      "instances": [
        {
          "schema_version": 0,
          "attributes": {
            "arn": "arn:aws:ec2:ap-northeast-2:374456436099:security-group/sg-03ce7cea29f4854a4",
            "description": "2-Tier WAS security group",
            "filter": [
              {
                "name": "tag:Name",
                "values": [
                  "SG-awx-private-was"
                ]
              }
            ],
            "id": "sg-03ce7cea29f4854a4",
            "name": "SG-awx-private-was",
            "tags": {
              "Name": "SG-awx-private-was"
            },
            "vpc_id": "vpc-0b0b2defe7d7e67e3"
          }
        }
      ]
    },
    {
      "module": "module.launch_configuration",
      "mode": "data",
      "type": "aws_security_group",
      "name": "sg-awx-private-web",
      "provider": "provider.aws",
      "instances": [
        {
          "schema_version": 0,
          "attributes": {
            "arn": "arn:aws:ec2:ap-northeast-2:374456436099:security-group/sg-0eaeac0be1bf71d1a",
            "description": "1-Tier Web security group",
            "filter": [
              {
                "name": "tag:Name",
                "values": [
                  "SG-awx-private-web"
                ]
              }
            ],
            "id": "sg-0eaeac0be1bf71d1a",
            "name": "SG-awx-private-web",
            "tags": {
              "Name": "SG-awx-private-web"
            },
            "vpc_id": "vpc-0b0b2defe7d7e67e3"
          }
        }
      ]
    },
    {
      "module": "module.launch_configuration",
      "mode": "managed",
      "type": "aws_launch_configuration",
      "name": "lc-awx-was",
      "provider": "provider.aws",
      "instances": [
        {
          "schema_version": 0,
          "attributes": {
            "arn": "arn:aws:autoscaling:ap-northeast-2:374456436099:launchConfiguration:aebf27aa-0fa9-44a3-ab13-ddc89696623a:launchConfigurationName/lc-awx-was",
            "associate_public_ip_address": false,
            "ebs_block_device": [],
            "ebs_optimized": false,
            "enable_monitoring": true,
            "ephemeral_block_device": [],
            "iam_instance_profile": "",
            "id": "lc-awx-was",
            "image_id": "ami-057f75b7038ea20ec",
            "instance_type": "t2.micro",
            "key_name": "Keypair-awx",
            "name": "lc-awx-was",
            "name_prefix": null,
            "placement_tenancy": null,
            "root_block_device": [
              {
                "delete_on_termination": true,
                "encrypted": false,
                "iops": 0,
                "volume_size": 30,
                "volume_type": "gp2"
              }
            ],
            "security_groups": [
              "sg-03ce7cea29f4854a4"
            ],
            "spot_price": "",
            "user_data": null,
            "user_data_base64": null,
            "vpc_classic_link_id": "",
            "vpc_classic_link_security_groups": null
          },
          "private": "bnVsbA=="
        }
      ]
    },
    {
      "module": "module.launch_configuration",
      "mode": "managed",
      "type": "aws_launch_configuration",
      "name": "lc-awx-web",
      "provider": "provider.aws",
      "instances": [
        {
          "schema_version": 0,
          "attributes": {
            "arn": "arn:aws:autoscaling:ap-northeast-2:374456436099:launchConfiguration:158bd5bf-3209-40c8-9a2a-bea900aff36b:launchConfigurationName/lc-awx-web",
            "associate_public_ip_address": false,
            "ebs_block_device": [],
            "ebs_optimized": false,
            "enable_monitoring": true,
            "ephemeral_block_device": [],
            "iam_instance_profile": "",
            "id": "lc-awx-web",
            "image_id": "ami-0dc4a132d452dc5b8",
            "instance_type": "t2.micro",
            "key_name": "Keypair-awx",
            "name": "lc-awx-web",
            "name_prefix": null,
            "placement_tenancy": null,
            "root_block_device": [
              {
                "delete_on_termination": true,
                "encrypted": false,
                "iops": 0,
                "volume_size": 10,
                "volume_type": "gp2"
              }
            ],
            "security_groups": [
              "sg-0eaeac0be1bf71d1a"
            ],
            "spot_price": "",
            "user_data": null,
            "user_data_base64": null,
            "vpc_classic_link_id": "",
            "vpc_classic_link_security_groups": null
          },
          "private": "bnVsbA=="
        }
      ]
    }
  ]
}
