{
  "version": 4,
  "terraform_version": "0.12.26",
  "serial": 69,
  "lineage": "2dfa52fe-79e6-94b2-6bf9-e1c85b132218",
  "outputs": {},
  "resources": [
    {
      "module": "module.bastion-eip",
      "mode": "data",
      "type": "aws_eip",
      "name": "bastion-eip-id",
      "provider": "provider.aws",
      "instances": [
        {
          "schema_version": 0,
          "attributes": {
            "association_id": "",
            "customer_owned_ip": "",
            "customer_owned_ipv4_pool": "",
            "domain": "vpc",
            "filter": [
              {
                "name": "tag:Name",
                "values": [
                  "EIP-awx-bastion"
                ]
              }
            ],
            "id": "eipalloc-051ce5bab428b3014",
            "instance_id": "",
            "network_interface_id": "",
            "network_interface_owner_id": "",
            "private_dns": null,
            "private_ip": "",
            "public_dns": "ec2-15-165-199-183.ap-northeast-2.compute.amazonaws.com",
            "public_ip": "15.165.199.183",
            "public_ipv4_pool": "amazon",
            "tags": {
              "Name": "EIP-awx-bastion"
            }
          }
        }
      ]
    },
    {
      "module": "module.bastion-eip",
      "mode": "data",
      "type": "aws_instance",
      "name": "ec2-bastion-id",
      "provider": "provider.aws",
      "instances": [
        {
          "schema_version": 0,
          "attributes": {
            "ami": "ami-01af223aa7f274198",
            "arn": "arn:aws:ec2:ap-northeast-2:374456436099:instance/i-02ca8532af7fc74a5",
            "associate_public_ip_address": false,
            "availability_zone": "ap-northeast-2a",
            "credit_specification": [
              {
                "cpu_credits": "standard"
              }
            ],
            "disable_api_termination": false,
            "ebs_block_device": [],
            "ebs_optimized": false,
            "ephemeral_block_device": [],
            "filter": [
              {
                "name": "tag:Name",
                "values": [
                  "awx-bastion"
                ]
              }
            ],
            "get_password_data": false,
            "get_user_data": false,
            "host_id": null,
            "iam_instance_profile": "",
            "id": "i-02ca8532af7fc74a5",
            "instance_id": null,
            "instance_state": "running",
            "instance_tags": null,
            "instance_type": "t2.micro",
            "key_name": "Keypair-awx",
            "metadata_options": [
              {
                "http_endpoint": "enabled",
                "http_put_response_hop_limit": 1,
                "http_tokens": "optional"
              }
            ],
            "monitoring": false,
            "network_interface_id": "eni-035090aeb4ef8e455",
            "outpost_arn": "",
            "password_data": null,
            "placement_group": "",
            "private_dns": "ip-10-0-1-170.ap-northeast-2.compute.internal",
            "private_ip": "10.0.1.170",
            "public_dns": "",
            "public_ip": "",
            "root_block_device": [
              {
                "delete_on_termination": true,
                "device_name": "/dev/xvda",
                "encrypted": false,
                "iops": 100,
                "kms_key_id": "",
                "volume_id": "vol-04172625763823ab7",
                "volume_size": 8,
                "volume_type": "gp2"
              }
            ],
            "security_groups": [],
            "source_dest_check": true,
            "subnet_id": "subnet-04315989209ba19d3",
            "tags": {
              "Name": "awx-bastion"
            },
            "tenancy": "default",
            "user_data": null,
            "user_data_base64": null,
            "vpc_security_group_ids": [
              "sg-0cd0ba3a1a7cc2381"
            ]
          }
        }
      ]
    },
    {
      "module": "module.bastion-eip",
      "mode": "managed",
      "type": "aws_eip_association",
      "name": "eip-association-awx-bastion",
      "provider": "provider.aws",
      "instances": [
        {
          "schema_version": 0,
          "attributes": {
            "allocation_id": "eipalloc-051ce5bab428b3014",
            "allow_reassociation": null,
            "id": "eipassoc-08d51bc688993d234",
            "instance_id": "i-02ca8532af7fc74a5",
            "network_interface_id": "eni-035090aeb4ef8e455",
            "private_ip_address": "10.0.1.170",
            "public_ip": "15.165.199.183"
          },
          "private": "bnVsbA=="
        }
      ]
    }
  ]
}
