{
  "version": 4,
  "terraform_version": "0.12.26",
  "serial": 147,
  "lineage": "da35ef67-1563-bbf6-063a-a96ae6f26546",
  "outputs": {},
  "resources": [
    {
      "module": "module.rds",
      "mode": "managed",
      "type": "aws_db_parameter_group",
      "name": "rds-parameter-group",
      "provider": "provider.aws",
      "instances": [
        {
          "schema_version": 0,
          "attributes": {
            "arn": "arn:aws:rds:ap-northeast-2:374456436099:pg:rds-mysql-awx",
            "description": "mysql parameter group for awx",
            "family": "mysql5.5",
            "id": "rds-mysql-awx",
            "name": "rds-mysql-awx",
            "name_prefix": null,
            "parameter": [
              {
                "apply_method": "immediate",
                "name": "character_set_client",
                "value": "utf8"
              },
              {
                "apply_method": "immediate",
                "name": "character_set_server",
                "value": "utf8"
              },
              {
                "apply_method": "immediate",
                "name": "time_zone",
                "value": "asia/seoul"
              }
            ],
            "tags": {}
          }
        }
      ]
    }
  ]
}
